
Microsoft Visual Studio Solution File, Format Version 12.00
# Visual Studio 14
VisualStudioVersion = 14.0.25420.1
MinimumVisualStudioVersion = 10.0.40219.1
Project("{FAE04EC0-301F-11D3-BF4B-00C04F79EFBC}") = "GUI", "GUI\GUI.csproj", "{AC06F06A-80D2-4FB8-BDCD-981C4290B508}"
EndProject
Project("{FAE04EC0-301F-11D3-BF4B-00C04F79EFBC}") = "DAL", "DAL\DAL.csproj", "{96103F44-2EB5-483A-B43A-DDAD75ED2AD1}"
EndProject
Project("{FAE04EC0-301F-11D3-BF4B-00C04F79EFBC}") = "DTO", "DTO\DTO.csproj", "{1F2A05D2-B803-40D7-8083-D40528DB22ED}"
EndProject
Project("{FAE04EC0-301F-11D3-BF4B-00C04F79EFBC}") = "BUS", "BUS\BUS.csproj", "{0067B71D-3649-45A3-B3FF-1E25FF9D7F32}"
EndProject
Project("{FAE04EC0-301F-11D3-BF4B-00C04F79EFBC}") = "BUSTest", "BUSTest\BUSTest.csproj", "{8A584766-1295-46E5-9EB8-A4247D2A517F}"
EndProject
Global
	GlobalSection(SolutionConfigurationPlatforms) = preSolution
		CD_ROM|Any CPU = CD_ROM|Any CPU
		Debug|Any CPU = Debug|Any CPU
		DVD-5|Any CPU = DVD-5|Any CPU
		Release|Any CPU = Release|Any CPU
		SingleImage|Any CPU = SingleImage|Any CPU
	EndGlobalSection
	GlobalSection(ProjectConfigurationPlatforms) = postSolution
		{AC06F06A-80D2-4FB8-BDCD-981C4290B508}.CD_ROM|Any CPU.ActiveCfg = Release|Any CPU
		{AC06F06A-80D2-4FB8-BDCD-981C4290B508}.CD_ROM|Any CPU.Build.0 = Release|Any CPU
		{AC06F06A-80D2-4FB8-BDCD-981C4290B508}.Debug|Any CPU.ActiveCfg = Debug|Any CPU
		{AC06F06A-80D2-4FB8-BDCD-981C4290B508}.Debug|Any CPU.Build.0 = Debug|Any CPU
		{AC06F06A-80D2-4FB8-BDCD-981C4290B508}.DVD-5|Any CPU.ActiveCfg = Debug|Any CPU
		{AC06F06A-80D2-4FB8-BDCD-981C4290B508}.DVD-5|Any CPU.Build.0 = Debug|Any CPU
		{AC06F06A-80D2-4FB8-BDCD-981C4290B508}.Release|Any CPU.ActiveCfg = Release|Any CPU
		{AC06F06A-80D2-4FB8-BDCD-981C4290B508}.Release|Any CPU.Build.0 = Release|Any CPU
		{AC06F06A-80D2-4FB8-BDCD-981C4290B508}.SingleImage|Any CPU.ActiveCfg = Release|Any CPU
		{AC06F06A-80D2-4FB8-BDCD-981C4290B508}.SingleImage|Any CPU.Build.0 = Release|Any CPU
		{96103F44-2EB5-483A-B43A-DDAD75ED2AD1}.CD_ROM|Any CPU.ActiveCfg = Release|Any CPU
		{96103F44-2EB5-483A-B43A-DDAD75ED2AD1}.CD_ROM|Any CPU.Build.0 = Release|Any CPU
		{96103F44-2EB5-483A-B43A-DDAD75ED2AD1}.Debug|Any CPU.ActiveCfg = Debug|Any CPU
		{96103F44-2EB5-483A-B43A-DDAD75ED2AD1}.Debug|Any CPU.Build.0 = Debug|Any CPU
		{96103F44-2EB5-483A-B43A-DDAD75ED2AD1}.DVD-5|Any CPU.ActiveCfg = Debug|Any CPU
		{96103F44-2EB5-483A-B43A-DDAD75ED2AD1}.DVD-5|Any CPU.Build.0 = Debug|Any CPU
		{96103F44-2EB5-483A-B43A-DDAD75ED2AD1}.Release|Any CPU.ActiveCfg = Release|Any CPU
		{96103F44-2EB5-483A-B43A-DDAD75ED2AD1}.Release|Any CPU.Build.0 = Release|Any CPU
		{96103F44-2EB5-483A-B43A-DDAD75ED2AD1}.SingleImage|Any CPU.ActiveCfg = Release|Any CPU
		{96103F44-2EB5-483A-B43A-DDAD75ED2AD1}.SingleImage|Any CPU.Build.0 = Release|Any CPU
		{1F2A05D2-B803-40D7-8083-D40528DB22ED}.CD_ROM|Any CPU.ActiveCfg = Release|Any CPU
		{1F2A05D2-B803-40D7-8083-D40528DB22ED}.CD_ROM|Any CPU.Build.0 = Release|Any CPU
		{1F2A05D2-B803-40D7-8083-D40528DB22ED}.Debug|Any CPU.ActiveCfg = Debug|Any CPU
		{1F2A05D2-B803-40D7-8083-D40528DB22ED}.Debug|Any CPU.Build.0 = Debug|Any CPU
		{1F2A05D2-B803-40D7-8083-D40528DB22ED}.DVD-5|Any CPU.ActiveCfg = Debug|Any CPU
		{1F2A05D2-B803-40D7-8083-D40528DB22ED}.DVD-5|Any CPU.Build.0 = Debug|Any CPU
		{1F2A05D2-B803-40D7-8083-D40528DB22ED}.Release|Any CPU.ActiveCfg = Release|Any CPU
		{1F2A05D2-B803-40D7-8083-D40528DB22ED}.Release|Any CPU.Build.0 = Release|Any CPU
		{1F2A05D2-B803-40D7-8083-D40528DB22ED}.SingleImage|Any CPU.ActiveCfg = Release|Any CPU
		{1F2A05D2-B803-40D7-8083-D40528DB22ED}.SingleImage|Any CPU.Build.0 = Release|Any CPU
		{0067B71D-3649-45A3-B3FF-1E25FF9D7F32}.CD_ROM|Any CPU.ActiveCfg = Release|Any CPU
		{0067B71D-3649-45A3-B3FF-1E25FF9D7F32}.CD_ROM|Any CPU.Build.0 = Release|Any CPU
		{0067B71D-3649-45A3-B3FF-1E25FF9D7F32}.Debug|Any CPU.ActiveCfg = Debug|Any CPU
		{0067B71D-3649-45A3-B3FF-1E25FF9D7F32}.Debug|Any CPU.Build.0 = Debug|Any CPU
		{0067B71D-3649-45A3-B3FF-1E25FF9D7F32}.DVD-5|Any CPU.ActiveCfg = Debug|Any CPU
		{0067B71D-3649-45A3-B3FF-1E25FF9D7F32}.DVD-5|Any CPU.Build.0 = Debug|Any CPU
		{0067B71D-3649-45A3-B3FF-1E25FF9D7F32}.Release|Any CPU.ActiveCfg = Release|Any CPU
		{0067B71D-3649-45A3-B3FF-1E25FF9D7F32}.Release|Any CPU.Build.0 = Release|Any CPU
		{0067B71D-3649-45A3-B3FF-1E25FF9D7F32}.SingleImage|Any CPU.ActiveCfg = Release|Any CPU
		{0067B71D-3649-45A3-B3FF-1E25FF9D7F32}.SingleImage|Any CPU.Build.0 = Release|Any CPU
		{8A584766-1295-46E5-9EB8-A4247D2A517F}.CD_ROM|Any CPU.ActiveCfg = Release|Any CPU
		{8A584766-1295-46E5-9EB8-A4247D2A517F}.CD_ROM|Any CPU.Build.0 = Release|Any CPU
		{8A584766-1295-46E5-9EB8-A4247D2A517F}.Debug|Any CPU.ActiveCfg = Debug|Any CPU
		{8A584766-1295-46E5-9EB8-A4247D2A517F}.Debug|Any CPU.Build.0 = Debug|Any CPU
		{8A584766-1295-46E5-9EB8-A4247D2A517F}.DVD-5|Any CPU.ActiveCfg = Debug|Any CPU
		{8A584766-1295-46E5-9EB8-A4247D2A517F}.DVD-5|Any CPU.Build.0 = Debug|Any CPU
		{8A584766-1295-46E5-9EB8-A4247D2A517F}.Release|Any CPU.ActiveCfg = Release|Any CPU
		{8A584766-1295-46E5-9EB8-A4247D2A517F}.Release|Any CPU.Build.0 = Release|Any CPU
		{8A584766-1295-46E5-9EB8-A4247D2A517F}.SingleImage|Any CPU.ActiveCfg = Release|Any CPU
		{8A584766-1295-46E5-9EB8-A4247D2A517F}.SingleImage|Any CPU.Build.0 = Release|Any CPU
	EndGlobalSection
	GlobalSection(SolutionProperties) = preSolution
		HideSolutionNode = FALSE
	EndGlobalSection
EndGlobal
